
Microsoft Visual Studio Solution File, Format Version 12.00
# Visual Studio Version 16
VisualStudioVersion = 16.0.31025.194
MinimumVisualStudioVersion = 10.0.40219.1
Project("{9A19103F-16F7-4668-BE54-9A1E7A4F7556}") = "ExampleSenGrid", "ExampleSenGrid\ExampleSenGrid.csproj", "{DF4D0FD0-AE0B-460E-BEF7-6E2D9C591464}"
EndProject
Global
	GlobalSection(SolutionConfigurationPlatforms) = preSolution
		Debug|Any CPU = Debug|Any CPU
		Release|Any CPU = Release|Any CPU
	EndGlobalSection
	GlobalSection(ProjectConfigurationPlatforms) = postSolution
		{DF4D0FD0-AE0B-460E-BEF7-6E2D9C591464}.Debug|Any CPU.ActiveCfg = Debug|Any CPU
		{DF4D0FD0-AE0B-460E-BEF7-6E2D9C591464}.Debug|Any CPU.Build.0 = Debug|Any CPU
		{DF4D0FD0-AE0B-460E-BEF7-6E2D9C591464}.Release|Any CPU.ActiveCfg = Release|Any CPU
		{DF4D0FD0-AE0B-460E-BEF7-6E2D9C591464}.Release|Any CPU.Build.0 = Release|Any CPU
	EndGlobalSection
	GlobalSection(SolutionProperties) = preSolution
		HideSolutionNode = FALSE
	EndGlobalSection
	GlobalSection(ExtensibilityGlobals) = postSolution
		SolutionGuid = {512BF326-E93A-4456-93F0-5643B2833043}
	EndGlobalSection
EndGlobal
